
Microsoft Visual Studio Solution File, Format Version 12.00
# Visual Studio Version 17
VisualStudioVersion = 17.14.36310.24 d17.14
MinimumVisualStudioVersion = 10.0.40219.1
Project("{FAE04EC0-301F-11D3-BF4B-00C04F79EFBC}") = "ConsoleApp37", "ConsoleApp37.csproj", "{E82935C0-0309-4D38-8A63-852232ADF3EF}"
EndProject
Global
	GlobalSection(SolutionConfigurationPlatforms) = preSolution
		Debug|Any CPU = Debug|Any CPU
		Release|Any CPU = Release|Any CPU
	EndGlobalSection
	GlobalSection(ProjectConfigurationPlatforms) = postSolution
		{E82935C0-0309-4D38-8A63-852232ADF3EF}.Debug|Any CPU.ActiveCfg = Debug|Any CPU
		{E82935C0-0309-4D38-8A63-852232ADF3EF}.Debug|Any CPU.Build.0 = Debug|Any CPU
		{E82935C0-0309-4D38-8A63-852232ADF3EF}.Release|Any CPU.ActiveCfg = Release|Any CPU
		{E82935C0-0309-4D38-8A63-852232ADF3EF}.Release|Any CPU.Build.0 = Release|Any CPU
	EndGlobalSection
	GlobalSection(SolutionProperties) = preSolution
		HideSolutionNode = FALSE
	EndGlobalSection
	GlobalSection(ExtensibilityGlobals) = postSolution
		SolutionGuid = {C113D141-4D8E-43B8-B21B-7EE010A5583A}
	EndGlobalSection
EndGlobal
